
Microsoft Visual Studio Solution File, Format Version 12.00
# Visual Studio Version 16
VisualStudioVersion = 16.0.31018.14
MinimumVisualStudioVersion = 10.0.40219.1
Project("{FAE04EC0-301F-11D3-BF4B-00C04F79EFBC}") = "AsyncSongsUWP", "AsyncSongsUWP\AsyncSongsUWP.csproj", "{1A556CDE-5B70-4477-B951-B060DDC96A70}"
EndProject
Global
	GlobalSection(SolutionConfigurationPlatforms) = preSolution
		Debug|ARM = Debug|ARM
		Debug|ARM64 = Debug|ARM64
		Debug|x64 = Debug|x64
		Debug|x86 = Debug|x86
		Release|ARM = Release|ARM
		Release|ARM64 = Release|ARM64
		Release|x64 = Release|x64
		Release|x86 = Release|x86
	EndGlobalSection
	GlobalSection(ProjectConfigurationPlatforms) = postSolution
		{1A556CDE-5B70-4477-B951-B060DDC96A70}.Debug|ARM.ActiveCfg = Debug|ARM
		{1A556CDE-5B70-4477-B951-B060DDC96A70}.Debug|ARM.Build.0 = Debug|ARM
		{1A556CDE-5B70-4477-B951-B060DDC96A70}.Debug|ARM.Deploy.0 = Debug|ARM
		{1A556CDE-5B70-4477-B951-B060DDC96A70}.Debug|ARM64.ActiveCfg = Debug|ARM64
		{1A556CDE-5B70-4477-B951-B060DDC96A70}.Debug|ARM64.Build.0 = Debug|ARM64
		{1A556CDE-5B70-4477-B951-B060DDC96A70}.Debug|ARM64.Deploy.0 = Debug|ARM64
		{1A556CDE-5B70-4477-B951-B060DDC96A70}.Debug|x64.ActiveCfg = Debug|x64
		{1A556CDE-5B70-4477-B951-B060DDC96A70}.Debug|x64.Build.0 = Debug|x64
		{1A556CDE-5B70-4477-B951-B060DDC96A70}.Debug|x64.Deploy.0 = Debug|x64
		{1A556CDE-5B70-4477-B951-B060DDC96A70}.Debug|x86.ActiveCfg = Debug|x86
		{1A556CDE-5B70-4477-B951-B060DDC96A70}.Debug|x86.Build.0 = Debug|x86
		{1A556CDE-5B70-4477-B951-B060DDC96A70}.Debug|x86.Deploy.0 = Debug|x86
		{1A556CDE-5B70-4477-B951-B060DDC96A70}.Release|ARM.ActiveCfg = Release|ARM
		{1A556CDE-5B70-4477-B951-B060DDC96A70}.Release|ARM.Build.0 = Release|ARM
		{1A556CDE-5B70-4477-B951-B060DDC96A70}.Release|ARM.Deploy.0 = Release|ARM
		{1A556CDE-5B70-4477-B951-B060DDC96A70}.Release|ARM64.ActiveCfg = Release|ARM64
		{1A556CDE-5B70-4477-B951-B060DDC96A70}.Release|ARM64.Build.0 = Release|ARM64
		{1A556CDE-5B70-4477-B951-B060DDC96A70}.Release|ARM64.Deploy.0 = Release|ARM64
		{1A556CDE-5B70-4477-B951-B060DDC96A70}.Release|x64.ActiveCfg = Release|x64
		{1A556CDE-5B70-4477-B951-B060DDC96A70}.Release|x64.Build.0 = Release|x64
		{1A556CDE-5B70-4477-B951-B060DDC96A70}.Release|x64.Deploy.0 = Release|x64
		{1A556CDE-5B70-4477-B951-B060DDC96A70}.Release|x86.ActiveCfg = Release|x86
		{1A556CDE-5B70-4477-B951-B060DDC96A70}.Release|x86.Build.0 = Release|x86
		{1A556CDE-5B70-4477-B951-B060DDC96A70}.Release|x86.Deploy.0 = Release|x86
	EndGlobalSection
	GlobalSection(SolutionProperties) = preSolution
		HideSolutionNode = FALSE
	EndGlobalSection
	GlobalSection(ExtensibilityGlobals) = postSolution
		SolutionGuid = {A7B89E75-8C17-41F0-A00C-FAF0B0D3A487}
	EndGlobalSection
EndGlobal
