
Microsoft Visual Studio Solution File, Format Version 12.00
# Visual Studio Version 16
VisualStudioVersion = 16.0.31107.10
MinimumVisualStudioVersion = 10.0.40219.1
Project("{FAE04EC0-301F-11D3-BF4B-00C04F79EFBC}") = "LyricsWebApp", "WebApplication1\LyricsWebApp.csproj", "{8512AA86-FD82-4FED-9F3D-4DE7454E7F7C}"
EndProject
Global
	GlobalSection(SolutionConfigurationPlatforms) = preSolution
		Debug|Any CPU = Debug|Any CPU
		Release|Any CPU = Release|Any CPU
	EndGlobalSection
	GlobalSection(ProjectConfigurationPlatforms) = postSolution
		{8512AA86-FD82-4FED-9F3D-4DE7454E7F7C}.Debug|Any CPU.ActiveCfg = Debug|Any CPU
		{8512AA86-FD82-4FED-9F3D-4DE7454E7F7C}.Debug|Any CPU.Build.0 = Debug|Any CPU
		{8512AA86-FD82-4FED-9F3D-4DE7454E7F7C}.Release|Any CPU.ActiveCfg = Release|Any CPU
		{8512AA86-FD82-4FED-9F3D-4DE7454E7F7C}.Release|Any CPU.Build.0 = Release|Any CPU
	EndGlobalSection
	GlobalSection(SolutionProperties) = preSolution
		HideSolutionNode = FALSE
	EndGlobalSection
	GlobalSection(ExtensibilityGlobals) = postSolution
		SolutionGuid = {4BE64671-D7FF-4967-9CC1-391111C46E5B}
	EndGlobalSection
EndGlobal
